
Microsoft Visual Studio Solution File, Format Version 12.00
# Visual Studio Version 16
VisualStudioVersion = 16.0.31729.503
MinimumVisualStudioVersion = 10.0.40219.1
Project("{FAE04EC0-301F-11D3-BF4B-00C04F79EFBC}") = "Repase segundo periodo", "Repase segundo periodo.csproj", "{8EB14020-FE14-45A6-A6E7-3AEC3F3EC7BA}"
EndProject
Global
	GlobalSection(SolutionConfigurationPlatforms) = preSolution
		Debug|Any CPU = Debug|Any CPU
		Release|Any CPU = Release|Any CPU
	EndGlobalSection
	GlobalSection(ProjectConfigurationPlatforms) = postSolution
		{8EB14020-FE14-45A6-A6E7-3AEC3F3EC7BA}.Debug|Any CPU.ActiveCfg = Debug|Any CPU
		{8EB14020-FE14-45A6-A6E7-3AEC3F3EC7BA}.Debug|Any CPU.Build.0 = Debug|Any CPU
		{8EB14020-FE14-45A6-A6E7-3AEC3F3EC7BA}.Release|Any CPU.ActiveCfg = Release|Any CPU
		{8EB14020-FE14-45A6-A6E7-3AEC3F3EC7BA}.Release|Any CPU.Build.0 = Release|Any CPU
	EndGlobalSection
	GlobalSection(SolutionProperties) = preSolution
		HideSolutionNode = FALSE
	EndGlobalSection
	GlobalSection(ExtensibilityGlobals) = postSolution
		SolutionGuid = {E6489635-EC19-4B9D-BA2D-B46EF42AF622}
	EndGlobalSection
EndGlobal
